// !$*UTF8*$!
{
	archiveVersion = 1;
	classes = {
	};
	objectVersion = 52;
	objects = {

/* Begin PBXBuildFile section */
		C130B4C1245363C40078E3C6 /* sofa.usdz in Resources */ = {isa = PBXBuildFile; fileRef = C130B4C0245363C40078E3C6 /* sofa.usdz */; };
		C1AB58D024536DF800534EB6 /* ship.usdz in Resources */ = {isa = PBXBuildFile; fileRef = C1AB58CF24536DF800534EB6 /* ship.usdz */; };
		C1D35E1024537A8000263643 /* FocusEntity in Frameworks */ = {isa = PBXBuildFile; productRef = C1D35E0F24537A8000263643 /* FocusEntity */; };
		C1D35E252453838F00263643 /* HasSynchronization+Extensions.swift in Sources */ = {isa = PBXBuildFile; fileRef = C1D35E222453838F00263643 /* HasSynchronization+Extensions.swift */; };
		C1D35E262453838F00263643 /* MultipeerHelperDelegate.swift in Sources */ = {isa = PBXBuildFile; fileRef = C1D35E232453838F00263643 /* MultipeerHelperDelegate.swift */; };
		C1D35E272453838F00263643 /* MultipeerHelper.swift in Sources */ = {isa = PBXBuildFile; fileRef = C1D35E242453838F00263643 /* MultipeerHelper.swift */; };
		C1FDD17B24532D70007C6E3B /* AppDelegate.swift in Sources */ = {isa = PBXBuildFile; fileRef = C1FDD17A24532D70007C6E3B /* AppDelegate.swift */; };
		C1FDD17D24532D70007C6E3B /* ViewController.swift in Sources */ = {isa = PBXBuildFile; fileRef = C1FDD17C24532D70007C6E3B /* ViewController.swift */; };
		C1FDD17F24532D70007C6E3B /* Experience.rcproject in Sources */ = {isa = PBXBuildFile; fileRef = C1FDD17E24532D70007C6E3B /* Experience.rcproject */; };
		C1FDD18224532D70007C6E3B /* Main.storyboard in Resources */ = {isa = PBXBuildFile; fileRef = C1FDD18024532D70007C6E3B /* Main.storyboard */; };
		C1FDD18424532D73007C6E3B /* Assets.xcassets in Resources */ = {isa = PBXBuildFile; fileRef = C1FDD18324532D73007C6E3B /* Assets.xcassets */; };
		C1FDD18724532D73007C6E3B /* LaunchScreen.storyboard in Resources */ = {isa = PBXBuildFile; fileRef = C1FDD18524532D73007C6E3B /* LaunchScreen.storyboard */; };
		C1FDD19324533F4C007C6E3B /* Utilities in Resources */ = {isa = PBXBuildFile; fileRef = C1FDD19224533F4C007C6E3B /* Utilities */; };
/* End PBXBuildFile section */

/* Begin PBXFileReference section */
		C130B4C0245363C40078E3C6 /* sofa.usdz */ = {isa = PBXFileReference; lastKnownFileType = file.usdz; path = sofa.usdz; sourceTree = "<group>"; };
		C1AB58CF24536DF800534EB6 /* ship.usdz */ = {isa = PBXFileReference; lastKnownFileType = file.usdz; path = ship.usdz; sourceTree = "<group>"; };
		C1D35E222453838F00263643 /* HasSynchronization+Extensions.swift */ = {isa = PBXFileReference; fileEncoding = 4; lastKnownFileType = sourcecode.swift; path = "HasSynchronization+Extensions.swift"; sourceTree = "<group>"; };
		C1D35E232453838F00263643 /* MultipeerHelperDelegate.swift */ = {isa = PBXFileReference; fileEncoding = 4; lastKnownFileType = sourcecode.swift; path = MultipeerHelperDelegate.swift; sourceTree = "<group>"; };
		C1D35E242453838F00263643 /* MultipeerHelper.swift */ = {isa = PBXFileReference; fileEncoding = 4; lastKnownFileType = sourcecode.swift; path = MultipeerHelper.swift; sourceTree = "<group>"; };
		C1FDD17724532D70007C6E3B /* DreamHouseVR-DEMO.app */ = {isa = PBXFileReference; explicitFileType = wrapper.application; includeInIndex = 0; path = "DreamHouseVR-DEMO.app"; sourceTree = BUILT_PRODUCTS_DIR; };
		C1FDD17A24532D70007C6E3B /* AppDelegate.swift */ = {isa = PBXFileReference; lastKnownFileType = sourcecode.swift; path = AppDelegate.swift; sourceTree = "<group>"; };
		C1FDD17C24532D70007C6E3B /* ViewController.swift */ = {isa = PBXFileReference; lastKnownFileType = sourcecode.swift; path = ViewController.swift; sourceTree = "<group>"; };
		C1FDD17E24532D70007C6E3B /* Experience.rcproject */ = {isa = PBXFileReference; lastKnownFileType = file.rcproject; path = Experience.rcproject; sourceTree = "<group>"; };
		C1FDD18124532D70007C6E3B /* Base */ = {isa = PBXFileReference; lastKnownFileType = file.storyboard; name = Base; path = Base.lproj/Main.storyboard; sourceTree = "<group>"; };
		C1FDD18324532D73007C6E3B /* Assets.xcassets */ = {isa = PBXFileReference; lastKnownFileType = folder.assetcatalog; path = Assets.xcassets; sourceTree = "<group>"; };
		C1FDD18624532D73007C6E3B /* Base */ = {isa = PBXFileReference; lastKnownFileType = file.storyboard; name = Base; path = Base.lproj/LaunchScreen.storyboard; sourceTree = "<group>"; };
		C1FDD18824532D73007C6E3B /* Info.plist */ = {isa = PBXFileReference; lastKnownFileType = text.plist.xml; path = Info.plist; sourceTree = "<group>"; };
		C1FDD19224533F4C007C6E3B /* Utilities */ = {isa = PBXFileReference; lastKnownFileType = folder; path = Utilities; sourceTree = "<group>"; };
/* End PBXFileReference section */

/* Begin PBXFrameworksBuildPhase section */
		C1FDD17424532D70007C6E3B /* Frameworks */ = {
			isa = PBXFrameworksBuildPhase;
			buildActionMask = 2147483647;
			files = (
				C1D35E1024537A8000263643 /* FocusEntity in Frameworks */,
			);
			runOnlyForDeploymentPostprocessing = 0;
		};
/* End PBXFrameworksBuildPhase section */

/* Begin PBXGroup section */
		C1D35E212453837500263643 /* MultipeerHelper */ = {
			isa = PBXGroup;
			children = (
				C1D35E222453838F00263643 /* HasSynchronization+Extensions.swift */,
				C1D35E242453838F00263643 /* MultipeerHelper.swift */,
				C1D35E232453838F00263643 /* MultipeerHelperDelegate.swift */,
			);
			path = MultipeerHelper;
			sourceTree = "<group>";
		};
		C1FDD16E24532D70007C6E3B = {
			isa = PBXGroup;
			children = (
				C1FDD17924532D70007C6E3B /* DreamHouseVR-DEMO */,
				C1FDD17824532D70007C6E3B /* Products */,
			);
			sourceTree = "<group>";
		};
		C1FDD17824532D70007C6E3B /* Products */ = {
			isa = PBXGroup;
			children = (
				C1FDD17724532D70007C6E3B /* DreamHouseVR-DEMO.app */,
			);
			name = Products;
			sourceTree = "<group>";
		};
		C1FDD17924532D70007C6E3B /* DreamHouseVR-DEMO */ = {
			isa = PBXGroup;
			children = (
				C1D35E212453837500263643 /* MultipeerHelper */,
				C1FDD17A24532D70007C6E3B /* AppDelegate.swift */,
				C1FDD18F24533E86007C6E3B /* Controller */,
				C1FDD17E24532D70007C6E3B /* Experience.rcproject */,
				C1FDD19124533EAA007C6E3B /* Resources */,
				C1FDD19024533E97007C6E3B /* View */,
				C1FDD18324532D73007C6E3B /* Assets.xcassets */,
				C1FDD19224533F4C007C6E3B /* Utilities */,
				C1FDD18524532D73007C6E3B /* LaunchScreen.storyboard */,
				C1FDD18824532D73007C6E3B /* Info.plist */,
			);
			path = "DreamHouseVR-DEMO";
			sourceTree = "<group>";
		};
		C1FDD18F24533E86007C6E3B /* Controller */ = {
			isa = PBXGroup;
			children = (
				C1FDD17C24532D70007C6E3B /* ViewController.swift */,
			);
			path = Controller;
			sourceTree = "<group>";
		};
		C1FDD19024533E97007C6E3B /* View */ = {
			isa = PBXGroup;
			children = (
				C1FDD18024532D70007C6E3B /* Main.storyboard */,
			);
			path = View;
			sourceTree = "<group>";
		};
		C1FDD19124533EAA007C6E3B /* Resources */ = {
			isa = PBXGroup;
			children = (
				C130B4C0245363C40078E3C6 /* sofa.usdz */,
				C1AB58CF24536DF800534EB6 /* ship.usdz */,
			);
			path = Resources;
			sourceTree = "<group>";
		};
/* End PBXGroup section */

/* Begin PBXNativeTarget section */
		C1FDD17624532D70007C6E3B /* DreamHouseVR-DEMO */ = {
			isa = PBXNativeTarget;
			buildConfigurationList = C1FDD18B24532D73007C6E3B /* Build configuration list for PBXNativeTarget "DreamHouseVR-DEMO" */;
			buildPhases = (
				C1FDD17324532D70007C6E3B /* Sources */,
				C1FDD17424532D70007C6E3B /* Frameworks */,
				C1FDD17524532D70007C6E3B /* Resources */,
			);
			buildRules = (
			);
			dependencies = (
			);
			name = "DreamHouseVR-DEMO";
			packageProductDependencies = (
				C1D35E0F24537A8000263643 /* FocusEntity */,
			);
			productName = "DreamHouseVR-DEMO";
			productReference = C1FDD17724532D70007C6E3B /* DreamHouseVR-DEMO.app */;
			productType = "com.apple.product-type.application";
		};
/* End PBXNativeTarget section */

/* Begin PBXProject section */
		C1FDD16F24532D70007C6E3B /* Project object */ = {
			isa = PBXProject;
			attributes = {
				LastSwiftUpdateCheck = 1140;
				LastUpgradeCheck = 1140;
				ORGANIZATIONNAME = "Petr Brantalík";
				TargetAttributes = {
					C1FDD17624532D70007C6E3B = {
						CreatedOnToolsVersion = 11.4.1;
					};
				};
			};
			buildConfigurationList = C1FDD17224532D70007C6E3B /* Build configuration list for PBXProject "DreamHouseVR-DEMO" */;
			compatibilityVersion = "Xcode 9.3";
			developmentRegion = en;
			hasScannedForEncodings = 0;
			knownRegions = (
				en,
				Base,
			);
			mainGroup = C1FDD16E24532D70007C6E3B;
			packageReferences = (
				C1D35E0E24537A8000263643 /* XCRemoteSwiftPackageReference "FocusEntity" */,
			);
			productRefGroup = C1FDD17824532D70007C6E3B /* Products */;
			projectDirPath = "";
			projectRoot = "";
			targets = (
				C1FDD17624532D70007C6E3B /* DreamHouseVR-DEMO */,
			);
		};
/* End PBXProject section */

/* Begin PBXResourcesBuildPhase section */
		C1FDD17524532D70007C6E3B /* Resources */ = {
			isa = PBXResourcesBuildPhase;
			buildActionMask = 2147483647;
			files = (
				C1FDD18724532D73007C6E3B /* LaunchScreen.storyboard in Resources */,
				C1AB58D024536DF800534EB6 /* ship.usdz in Resources */,
				C1FDD19324533F4C007C6E3B /* Utilities in Resources */,
				C1FDD18424532D73007C6E3B /* Assets.xcassets in Resources */,
				C1FDD18224532D70007C6E3B /* Main.storyboard in Resources */,
				C130B4C1245363C40078E3C6 /* sofa.usdz in Resources */,
			);
			runOnlyForDeploymentPostprocessing = 0;
		};
/* End PBXResourcesBuildPhase section */

/* Begin PBXSourcesBuildPhase section */
		C1FDD17324532D70007C6E3B /* Sources */ = {
			isa = PBXSourcesBuildPhase;
			buildActionMask = 2147483647;
			files = (
				C1FDD17D24532D70007C6E3B /* ViewController.swift in Sources */,
				C1D35E262453838F00263643 /* MultipeerHelperDelegate.swift in Sources */,
				C1FDD17B24532D70007C6E3B /* AppDelegate.swift in Sources */,
				C1D35E272453838F00263643 /* MultipeerHelper.swift in Sources */,
				C1FDD17F24532D70007C6E3B /* Experience.rcproject in Sources */,
				C1D35E252453838F00263643 /* HasSynchronization+Extensions.swift in Sources */,
			);
			runOnlyForDeploymentPostprocessing = 0;
		};
/* End PBXSourcesBuildPhase section */

/* Begin PBXVariantGroup section */
		C1FDD18024532D70007C6E3B /* Main.storyboard */ = {
			isa = PBXVariantGroup;
			children = (
				C1FDD18124532D70007C6E3B /* Base */,
			);
			name = Main.storyboard;
			sourceTree = "<group>";
		};
		C1FDD18524532D73007C6E3B /* LaunchScreen.storyboard */ = {
			isa = PBXVariantGroup;
			children = (
				C1FDD18624532D73007C6E3B /* Base */,
			);
			name = LaunchScreen.storyboard;
			sourceTree = "<group>";
		};
/* End PBXVariantGroup section */

/* Begin XCBuildConfiguration section */
		C1FDD18924532D73007C6E3B /* Debug */ = {
			isa = XCBuildConfiguration;
			buildSettings = {
				ALWAYS_SEARCH_USER_PATHS = NO;
				CLANG_ANALYZER_NONNULL = YES;
				CLANG_ANALYZER_NUMBER_OBJECT_CONVERSION = YES_AGGRESSIVE;
				CLANG_CXX_LANGUAGE_STANDARD = "gnu++14";
				CLANG_CXX_LIBRARY = "libc++";
				CLANG_ENABLE_MODULES = YES;
				CLANG_ENABLE_OBJC_ARC = YES;
				CLANG_ENABLE_OBJC_WEAK = YES;
				CLANG_WARN_BLOCK_CAPTURE_AUTORELEASING = YES;
				CLANG_WARN_BOOL_CONVERSION = YES;
				CLANG_WARN_COMMA = YES;
				CLANG_WARN_CONSTANT_CONVERSION = YES;
				CLANG_WARN_DEPRECATED_OBJC_IMPLEMENTATIONS = YES;
				CLANG_WARN_DIRECT_OBJC_ISA_USAGE = YES_ERROR;
				CLANG_WARN_DOCUMENTATION_COMMENTS = YES;
				CLANG_WARN_EMPTY_BODY = YES;
				CLANG_WARN_ENUM_CONVERSION = YES;
				CLANG_WARN_INFINITE_RECURSION = YES;
				CLANG_WARN_INT_CONVERSION = YES;
				CLANG_WARN_NON_LITERAL_NULL_CONVERSION = YES;
				CLANG_WARN_OBJC_IMPLICIT_RETAIN_SELF = YES;
				CLANG_WARN_OBJC_LITERAL_CONVERSION = YES;
				CLANG_WARN_OBJC_ROOT_CLASS = YES_ERROR;
				CLANG_WARN_RANGE_LOOP_ANALYSIS = YES;
				CLANG_WARN_STRICT_PROTOTYPES = YES;
				CLANG_WARN_SUSPICIOUS_MOVE = YES;
				CLANG_WARN_UNGUARDED_AVAILABILITY = YES_AGGRESSIVE;
				CLANG_WARN_UNREACHABLE_CODE = YES;
				CLANG_WARN__DUPLICATE_METHOD_MATCH = YES;
				COPY_PHASE_STRIP = NO;
				DEBUG_INFORMATION_FORMAT = dwarf;
				ENABLE_STRICT_OBJC_MSGSEND = YES;
				ENABLE_TESTABILITY = YES;
				GCC_C_LANGUAGE_STANDARD = gnu11;
				GCC_DYNAMIC_NO_PIC = NO;
				GCC_NO_COMMON_BLOCKS = YES;
				GCC_OPTIMIZATION_LEVEL = 0;
				GCC_PREPROCESSOR_DEFINITIONS = (
					"DEBUG=1",
					"$(inherited)",
				);
				GCC_WARN_64_TO_32_BIT_CONVERSION = YES;
				GCC_WARN_ABOUT_RETURN_TYPE = YES_ERROR;
				GCC_WARN_UNDECLARED_SELECTOR = YES;
				GCC_WARN_UNINITIALIZED_AUTOS = YES_AGGRESSIVE;
				GCC_WARN_UNUSED_FUNCTION = YES;
				GCC_WARN_UNUSED_VARIABLE = YES;
				IPHONEOS_DEPLOYMENT_TARGET = 13.4;
				MTL_ENABLE_DEBUG_INFO = INCLUDE_SOURCE;
				MTL_FAST_MATH = YES;
				ONLY_ACTIVE_ARCH = YES;
				SDKROOT = iphoneos;
				SWIFT_ACTIVE_COMPILATION_CONDITIONS = DEBUG;
				SWIFT_OPTIMIZATION_LEVEL = "-Onone";
			};
			name = Debug;
		};
		C1FDD18A24532D73007C6E3B /* Release */ = {
			isa = XCBuildConfiguration;
			buildSettings = {
				ALWAYS_SEARCH_USER_PATHS = NO;
				CLANG_ANALYZER_NONNULL = YES;
				CLANG_ANALYZER_NUMBER_OBJECT_CONVERSION = YES_AGGRESSIVE;
				CLANG_CXX_LANGUAGE_STANDARD = "gnu++14";
				CLANG_CXX_LIBRARY = "libc++";
				CLANG_ENABLE_MODULES = YES;
				CLANG_ENABLE_OBJC_ARC = YES;
				CLANG_ENABLE_OBJC_WEAK = YES;
				CLANG_WARN_BLOCK_CAPTURE_AUTORELEASING = YES;
				CLANG_WARN_BOOL_CONVERSION = YES;
				CLANG_WARN_COMMA = YES;
				CLANG_WARN_CONSTANT_CONVERSION = YES;
				CLANG_WARN_DEPRECATED_OBJC_IMPLEMENTATIONS = YES;
				CLANG_WARN_DIRECT_OBJC_ISA_USAGE = YES_ERROR;
				CLANG_WARN_DOCUMENTATION_COMMENTS = YES;
				CLANG_WARN_EMPTY_BODY = YES;
				CLANG_WARN_ENUM_CONVERSION = YES;
				CLANG_WARN_INFINITE_RECURSION = YES;
				CLANG_WARN_INT_CONVERSION = YES;
				CLANG_WARN_NON_LITERAL_NULL_CONVERSION = YES;
				CLANG_WARN_OBJC_IMPLICIT_RETAIN_SELF = YES;
				CLANG_WARN_OBJC_LITERAL_CONVERSION = YES;
				CLANG_WARN_OBJC_ROOT_CLASS = YES_ERROR;
				CLANG_WARN_RANGE_LOOP_ANALYSIS = YES;
				CLANG_WARN_STRICT_PROTOTYPES = YES;
				CLANG_WARN_SUSPICIOUS_MOVE = YES;
				CLANG_WARN_UNGUARDED_AVAILABILITY = YES_AGGRESSIVE;
				CLANG_WARN_UNREACHABLE_CODE = YES;
				CLANG_WARN__DUPLICATE_METHOD_MATCH = YES;
				COPY_PHASE_STRIP = NO;
				DEBUG_INFORMATION_FORMAT = "dwarf-with-dsym";
				ENABLE_NS_ASSERTIONS = NO;
				ENABLE_STRICT_OBJC_MSGSEND = YES;
				GCC_C_LANGUAGE_STANDARD = gnu11;
				GCC_NO_COMMON_BLOCKS = YES;
				GCC_WARN_64_TO_32_BIT_CONVERSION = YES;
				GCC_WARN_ABOUT_RETURN_TYPE = YES_ERROR;
				GCC_WARN_UNDECLARED_SELECTOR = YES;
				GCC_WARN_UNINITIALIZED_AUTOS = YES_AGGRESSIVE;
				GCC_WARN_UNUSED_FUNCTION = YES;
				GCC_WARN_UNUSED_VARIABLE = YES;
				IPHONEOS_DEPLOYMENT_TARGET = 13.4;
				MTL_ENABLE_DEBUG_INFO = NO;
				MTL_FAST_MATH = YES;
				SDKROOT = iphoneos;
				SWIFT_COMPILATION_MODE = wholemodule;
				SWIFT_OPTIMIZATION_LEVEL = "-O";
				VALIDATE_PRODUCT = YES;
			};
			name = Release;
		};
		C1FDD18C24532D73007C6E3B /* Debug */ = {
			isa = XCBuildConfiguration;
			buildSettings = {
				ASSETCATALOG_COMPILER_APPICON_NAME = AppIcon;
				CODE_SIGN_STYLE = Automatic;
				DEVELOPMENT_TEAM = K625FZT636;
				INFOPLIST_FILE = "DreamHouseVR-DEMO/Info.plist";
				LD_RUNPATH_SEARCH_PATHS = (
					"$(inherited)",
					"@executable_path/Frameworks",
				);
				PRODUCT_BUNDLE_IDENTIFIER = "cz.dreamhouse.demo.DreamHouseVR-DEMO";
				PRODUCT_NAME = "$(TARGET_NAME)";
				SWIFT_VERSION = 5.0;
				TARGETED_DEVICE_FAMILY = "1,2";
			};
			name = Debug;
		};
		C1FDD18D24532D73007C6E3B /* Release */ = {
			isa = XCBuildConfiguration;
			buildSettings = {
				ASSETCATALOG_COMPILER_APPICON_NAME = AppIcon;
				CODE_SIGN_STYLE = Automatic;
				DEVELOPMENT_TEAM = K625FZT636;
				INFOPLIST_FILE = "DreamHouseVR-DEMO/Info.plist";
				LD_RUNPATH_SEARCH_PATHS = (
					"$(inherited)",
					"@executable_path/Frameworks",
				);
				PRODUCT_BUNDLE_IDENTIFIER = "cz.dreamhouse.demo.DreamHouseVR-DEMO";
				PRODUCT_NAME = "$(TARGET_NAME)";
				SWIFT_VERSION = 5.0;
				TARGETED_DEVICE_FAMILY = "1,2";
			};
			name = Release;
		};
/* End XCBuildConfiguration section */

/* Begin XCConfigurationList section */
		C1FDD17224532D70007C6E3B /* Build configuration list for PBXProject "DreamHouseVR-DEMO" */ = {
			isa = XCConfigurationList;
			buildConfigurations = (
				C1FDD18924532D73007C6E3B /* Debug */,
				C1FDD18A24532D73007C6E3B /* Release */,
			);
			defaultConfigurationIsVisible = 0;
			defaultConfigurationName = Release;
		};
		C1FDD18B24532D73007C6E3B /* Build configuration list for PBXNativeTarget "DreamHouseVR-DEMO" */ = {
			isa = XCConfigurationList;
			buildConfigurations = (
				C1FDD18C24532D73007C6E3B /* Debug */,
				C1FDD18D24532D73007C6E3B /* Release */,
			);
			defaultConfigurationIsVisible = 0;
			defaultConfigurationName = Release;
		};
/* End XCConfigurationList section */

/* Begin XCRemoteSwiftPackageReference section */
		C1D35E0E24537A8000263643 /* XCRemoteSwiftPackageReference "FocusEntity" */ = {
			isa = XCRemoteSwiftPackageReference;
			repositoryURL = "https://github.com/maxxfrazer/FocusEntity.git";
			requirement = {
				kind = upToNextMajorVersion;
				minimumVersion = 1.1.0;
			};
		};
/* End XCRemoteSwiftPackageReference section */

/* Begin XCSwiftPackageProductDependency section */
		C1D35E0F24537A8000263643 /* FocusEntity */ = {
			isa = XCSwiftPackageProductDependency;
			package = C1D35E0E24537A8000263643 /* XCRemoteSwiftPackageReference "FocusEntity" */;
			productName = FocusEntity;
		};
/* End XCSwiftPackageProductDependency section */
	};
	rootObject = C1FDD16F24532D70007C6E3B /* Project object */;
}
