// !$*UTF8*$!
{
	archiveVersion = 1;
	classes = {
	};
	objectVersion = 52;
	objects = {

/* Begin PBXBuildFile section */
		7FCA3AD2A40D44F74C27FF03 /* Pods_DreamHouseVR_DEMO.framework in Frameworks */ = {isa = PBXBuildFile; fileRef = E6BBE459E22D137A84D89768 /* Pods_DreamHouseVR_DEMO.framework */; };
		C11117822462BD5900F9A592 /* kancl-stul.usdz in Resources */ = {isa = PBXBuildFile; fileRef = C11117812462BD5900F9A592 /* kancl-stul.usdz */; };
		C11117842462BE7200F9A592 /* kancl-zidle-1.usdz in Resources */ = {isa = PBXBuildFile; fileRef = C11117832462BE7200F9A592 /* kancl-zidle-1.usdz */; };
		C11117862462BEE000F9A592 /* kancl-zidle-2.usdz in Resources */ = {isa = PBXBuildFile; fileRef = C11117852462BEE000F9A592 /* kancl-zidle-2.usdz */; };
		C149F42C2457291A00E9345D /* door.usdz in Resources */ = {isa = PBXBuildFile; fileRef = C149F42B2457291A00E9345D /* door.usdz */; };
		C153B8CE245AD393005733D0 /* office-chair.usdz in Resources */ = {isa = PBXBuildFile; fileRef = C153B8CD245AD393005733D0 /* office-chair.usdz */; };
		C15AABD3247FBD7300CCDD0A /* Metropolis-ExtraLight.otf in Resources */ = {isa = PBXBuildFile; fileRef = C15AABC1247FBD6F00CCDD0A /* Metropolis-ExtraLight.otf */; };
		C15AABD4247FBD7300CCDD0A /* Metropolis-Light.otf in Resources */ = {isa = PBXBuildFile; fileRef = C15AABC2247FBD7000CCDD0A /* Metropolis-Light.otf */; };
		C15AABD5247FBD7300CCDD0A /* Metropolis-ExtraBold.otf in Resources */ = {isa = PBXBuildFile; fileRef = C15AABC3247FBD7000CCDD0A /* Metropolis-ExtraBold.otf */; };
		C15AABD6247FBD7300CCDD0A /* Metropolis-RegularItalic.otf in Resources */ = {isa = PBXBuildFile; fileRef = C15AABC4247FBD7000CCDD0A /* Metropolis-RegularItalic.otf */; };
		C15AABD7247FBD7300CCDD0A /* Metropolis-Black.otf in Resources */ = {isa = PBXBuildFile; fileRef = C15AABC5247FBD7000CCDD0A /* Metropolis-Black.otf */; };
		C15AABD8247FBD7300CCDD0A /* Metropolis-SemiBold.otf in Resources */ = {isa = PBXBuildFile; fileRef = C15AABC6247FBD7100CCDD0A /* Metropolis-SemiBold.otf */; };
		C15AABD9247FBD7300CCDD0A /* Metropolis-Regular.otf in Resources */ = {isa = PBXBuildFile; fileRef = C15AABC7247FBD7100CCDD0A /* Metropolis-Regular.otf */; };
		C15AABDA247FBD7300CCDD0A /* Metropolis-LightItalic.otf in Resources */ = {isa = PBXBuildFile; fileRef = C15AABC8247FBD7100CCDD0A /* Metropolis-LightItalic.otf */; };
		C15AABDB247FBD7300CCDD0A /* Metropolis-Bold.otf in Resources */ = {isa = PBXBuildFile; fileRef = C15AABC9247FBD7100CCDD0A /* Metropolis-Bold.otf */; };
		C15AABDC247FBD7300CCDD0A /* Metropolis-SemiBoldItalic.otf in Resources */ = {isa = PBXBuildFile; fileRef = C15AABCA247FBD7100CCDD0A /* Metropolis-SemiBoldItalic.otf */; };
		C15AABDD247FBD7300CCDD0A /* Metropolis-BlackItalic.otf in Resources */ = {isa = PBXBuildFile; fileRef = C15AABCB247FBD7200CCDD0A /* Metropolis-BlackItalic.otf */; };
		C15AABDE247FBD7300CCDD0A /* Metropolis-ExtraLightItalic.otf in Resources */ = {isa = PBXBuildFile; fileRef = C15AABCC247FBD7200CCDD0A /* Metropolis-ExtraLightItalic.otf */; };
		C15AABDF247FBD7300CCDD0A /* Metropolis-BoldItalic.otf in Resources */ = {isa = PBXBuildFile; fileRef = C15AABCD247FBD7200CCDD0A /* Metropolis-BoldItalic.otf */; };
		C15AABE0247FBD7300CCDD0A /* Metropolis-ThinItalic.otf in Resources */ = {isa = PBXBuildFile; fileRef = C15AABCE247FBD7200CCDD0A /* Metropolis-ThinItalic.otf */; };
		C15AABE1247FBD7300CCDD0A /* Metropolis-Medium.otf in Resources */ = {isa = PBXBuildFile; fileRef = C15AABCF247FBD7300CCDD0A /* Metropolis-Medium.otf */; };
		C15AABE2247FBD7300CCDD0A /* Metropolis-MediumItalic.otf in Resources */ = {isa = PBXBuildFile; fileRef = C15AABD0247FBD7300CCDD0A /* Metropolis-MediumItalic.otf */; };
		C15AABE3247FBD7300CCDD0A /* Metropolis-ExtraBoldItalic.otf in Resources */ = {isa = PBXBuildFile; fileRef = C15AABD1247FBD7300CCDD0A /* Metropolis-ExtraBoldItalic.otf */; };
		C15AABE4247FBD7300CCDD0A /* Metropolis-Thin.otf in Resources */ = {isa = PBXBuildFile; fileRef = C15AABD2247FBD7300CCDD0A /* Metropolis-Thin.otf */; };
		C15AEE3124658530004B0F09 /* Model.swift in Sources */ = {isa = PBXBuildFile; fileRef = C15AEE3024658530004B0F09 /* Model.swift */; };
		C15AEE3324659451004B0F09 /* ColorsTableViewCell.swift in Sources */ = {isa = PBXBuildFile; fileRef = C15AEE3224659451004B0F09 /* ColorsTableViewCell.swift */; };
		C1875CDE2465422700FD1EE7 /* test.swift in Sources */ = {isa = PBXBuildFile; fileRef = C1875CDD2465422700FD1EE7 /* test.swift */; };
		C1875CE42465845300FD1EE7 /* chair-green.usdz in Resources */ = {isa = PBXBuildFile; fileRef = C1875CE32465845300FD1EE7 /* chair-green.usdz */; };
		C1875CE62465845B00FD1EE7 /* chair-red.usdz in Resources */ = {isa = PBXBuildFile; fileRef = C1875CE52465845B00FD1EE7 /* chair-red.usdz */; };
		C19BF65424544353003188CC /* LibraryViewController.swift in Sources */ = {isa = PBXBuildFile; fileRef = C19BF65324544353003188CC /* LibraryViewController.swift */; };
		C19BF65C24549478003188CC /* Constants.swift in Sources */ = {isa = PBXBuildFile; fileRef = C19BF65B24549478003188CC /* Constants.swift */; };
		C19BF65F2454A227003188CC /* ModelCollectionViewCell.swift in Sources */ = {isa = PBXBuildFile; fileRef = C19BF65D2454A227003188CC /* ModelCollectionViewCell.swift */; };
		C19BF6602454A227003188CC /* ModelCollectionViewCell.xib in Resources */ = {isa = PBXBuildFile; fileRef = C19BF65E2454A227003188CC /* ModelCollectionViewCell.xib */; };
		C19BF6622454AA55003188CC /* sofa.usdz in Resources */ = {isa = PBXBuildFile; fileRef = C19BF6612454AA55003188CC /* sofa.usdz */; };
		C1AAD7D22472A6AB007E08C5 /* l-sofa-grey.usdz in Resources */ = {isa = PBXBuildFile; fileRef = C1AAD7D12472A6AB007E08C5 /* l-sofa-grey.usdz */; };
		C1AAD7D42472C4B4007E08C5 /* brantalik.usdz in Resources */ = {isa = PBXBuildFile; fileRef = C1AAD7D32472C4B4007E08C5 /* brantalik.usdz */; };
		C1CA2FB62459626200AA0D8F /* chair-brown.usdz in Resources */ = {isa = PBXBuildFile; fileRef = C1CA2FB52459626200AA0D8F /* chair-brown.usdz */; };
		C1CA2FB8245963E400AA0D8F /* desk.usdz in Resources */ = {isa = PBXBuildFile; fileRef = C1CA2FB7245963E400AA0D8F /* desk.usdz */; };
		C1CEB84724755AD1004483B1 /* ScreenRecord.swift in Sources */ = {isa = PBXBuildFile; fileRef = C1CEB84624755AD1004483B1 /* ScreenRecord.swift */; };
		C1CEB84A2475640F004483B1 /* HiddenStatusBarViewController.swift in Sources */ = {isa = PBXBuildFile; fileRef = C1CEB8492475640F004483B1 /* HiddenStatusBarViewController.swift */; };
		C1D35E1024537A8000263643 /* FocusEntity in Frameworks */ = {isa = PBXBuildFile; productRef = C1D35E0F24537A8000263643 /* FocusEntity */; };
		C1D35E252453838F00263643 /* HasSynchronization+Extensions.swift in Sources */ = {isa = PBXBuildFile; fileRef = C1D35E222453838F00263643 /* HasSynchronization+Extensions.swift */; };
		C1D35E262453838F00263643 /* MultipeerHelperDelegate.swift in Sources */ = {isa = PBXBuildFile; fileRef = C1D35E232453838F00263643 /* MultipeerHelperDelegate.swift */; };
		C1D35E272453838F00263643 /* MultipeerHelper.swift in Sources */ = {isa = PBXBuildFile; fileRef = C1D35E242453838F00263643 /* MultipeerHelper.swift */; };
		C1D381BD245855480026BC0F /* mini-desk.usdz in Resources */ = {isa = PBXBuildFile; fileRef = C1D381B9245855460026BC0F /* mini-desk.usdz */; };
		C1D381BE245855480026BC0F /* chair-backup.usdz in Resources */ = {isa = PBXBuildFile; fileRef = C1D381BA245855460026BC0F /* chair-backup.usdz */; };
		C1D381C0245855480026BC0F /* desk-backup.usdz in Resources */ = {isa = PBXBuildFile; fileRef = C1D381BC245855480026BC0F /* desk-backup.usdz */; };
		C1D381C3245855560026BC0F /* small-chair.usdz in Resources */ = {isa = PBXBuildFile; fileRef = C1D381C1245855540026BC0F /* small-chair.usdz */; };
		C1D381C62458555B0026BC0F /* bed.usdz in Resources */ = {isa = PBXBuildFile; fileRef = C1D381C52458555B0026BC0F /* bed.usdz */; };
		C1D99D772471B8B5001FA511 /* ModelService.swift in Sources */ = {isa = PBXBuildFile; fileRef = C1D99D762471B8B5001FA511 /* ModelService.swift */; };
		C1D99D792471B96D001FA511 /* CategoryService.swift in Sources */ = {isa = PBXBuildFile; fileRef = C1D99D782471B96D001FA511 /* CategoryService.swift */; };
		C1FD7600246A9242006CA55D /* Category.swift in Sources */ = {isa = PBXBuildFile; fileRef = C1FD75FF246A9242006CA55D /* Category.swift */; };
		C1FDD17B24532D70007C6E3B /* AppDelegate.swift in Sources */ = {isa = PBXBuildFile; fileRef = C1FDD17A24532D70007C6E3B /* AppDelegate.swift */; };
		C1FDD17D24532D70007C6E3B /* ViewController.swift in Sources */ = {isa = PBXBuildFile; fileRef = C1FDD17C24532D70007C6E3B /* ViewController.swift */; };
		C1FDD17F24532D70007C6E3B /* Experience.rcproject in Sources */ = {isa = PBXBuildFile; fileRef = C1FDD17E24532D70007C6E3B /* Experience.rcproject */; };
		C1FDD18224532D70007C6E3B /* Main.storyboard in Resources */ = {isa = PBXBuildFile; fileRef = C1FDD18024532D70007C6E3B /* Main.storyboard */; };
		C1FDD18424532D73007C6E3B /* Assets.xcassets in Resources */ = {isa = PBXBuildFile; fileRef = C1FDD18324532D73007C6E3B /* Assets.xcassets */; };
		C1FDD18724532D73007C6E3B /* LaunchScreen.storyboard in Resources */ = {isa = PBXBuildFile; fileRef = C1FDD18524532D73007C6E3B /* LaunchScreen.storyboard */; };
		C1FDD19324533F4C007C6E3B /* Utilities in Resources */ = {isa = PBXBuildFile; fileRef = C1FDD19224533F4C007C6E3B /* Utilities */; };
/* End PBXBuildFile section */

/* Begin PBXFileReference section */
		BAE7B9B861ACA0EE31900862 /* Pods-DreamHouseVR-DEMO.debug.xcconfig */ = {isa = PBXFileReference; includeInIndex = 1; lastKnownFileType = text.xcconfig; name = "Pods-DreamHouseVR-DEMO.debug.xcconfig"; path = "Target Support Files/Pods-DreamHouseVR-DEMO/Pods-DreamHouseVR-DEMO.debug.xcconfig"; sourceTree = "<group>"; };
		C11117812462BD5900F9A592 /* kancl-stul.usdz */ = {isa = PBXFileReference; lastKnownFileType = file.usdz; name = "kancl-stul.usdz"; path = "../../../AR/DEMO KANCL/kancl-stul.usdz"; sourceTree = "<group>"; };
		C11117832462BE7200F9A592 /* kancl-zidle-1.usdz */ = {isa = PBXFileReference; lastKnownFileType = file.usdz; name = "kancl-zidle-1.usdz"; path = "../../../AR/DEMO KANCL/kancl-zidle-1.usdz"; sourceTree = "<group>"; };
		C11117852462BEE000F9A592 /* kancl-zidle-2.usdz */ = {isa = PBXFileReference; lastKnownFileType = file.usdz; name = "kancl-zidle-2.usdz"; path = "../../../AR/DEMO KANCL/kancl-zidle-2.usdz"; sourceTree = "<group>"; };
		C149F42B2457291A00E9345D /* door.usdz */ = {isa = PBXFileReference; lastKnownFileType = file.usdz; path = door.usdz; sourceTree = "<group>"; };
		C153B8CD245AD393005733D0 /* office-chair.usdz */ = {isa = PBXFileReference; lastKnownFileType = file.usdz; path = "office-chair.usdz"; sourceTree = "<group>"; };
		C15AABC1247FBD6F00CCDD0A /* Metropolis-ExtraLight.otf */ = {isa = PBXFileReference; lastKnownFileType = file; path = "Metropolis-ExtraLight.otf"; sourceTree = "<group>"; };
		C15AABC2247FBD7000CCDD0A /* Metropolis-Light.otf */ = {isa = PBXFileReference; lastKnownFileType = file; path = "Metropolis-Light.otf"; sourceTree = "<group>"; };
		C15AABC3247FBD7000CCDD0A /* Metropolis-ExtraBold.otf */ = {isa = PBXFileReference; lastKnownFileType = file; path = "Metropolis-ExtraBold.otf"; sourceTree = "<group>"; };
		C15AABC4247FBD7000CCDD0A /* Metropolis-RegularItalic.otf */ = {isa = PBXFileReference; lastKnownFileType = file; path = "Metropolis-RegularItalic.otf"; sourceTree = "<group>"; };
		C15AABC5247FBD7000CCDD0A /* Metropolis-Black.otf */ = {isa = PBXFileReference; lastKnownFileType = file; path = "Metropolis-Black.otf"; sourceTree = "<group>"; };
		C15AABC6247FBD7100CCDD0A /* Metropolis-SemiBold.otf */ = {isa = PBXFileReference; lastKnownFileType = file; path = "Metropolis-SemiBold.otf"; sourceTree = "<group>"; };
		C15AABC7247FBD7100CCDD0A /* Metropolis-Regular.otf */ = {isa = PBXFileReference; lastKnownFileType = file; path = "Metropolis-Regular.otf"; sourceTree = "<group>"; };
		C15AABC8247FBD7100CCDD0A /* Metropolis-LightItalic.otf */ = {isa = PBXFileReference; lastKnownFileType = file; path = "Metropolis-LightItalic.otf"; sourceTree = "<group>"; };
		C15AABC9247FBD7100CCDD0A /* Metropolis-Bold.otf */ = {isa = PBXFileReference; lastKnownFileType = file; path = "Metropolis-Bold.otf"; sourceTree = "<group>"; };
		C15AABCA247FBD7100CCDD0A /* Metropolis-SemiBoldItalic.otf */ = {isa = PBXFileReference; lastKnownFileType = file; path = "Metropolis-SemiBoldItalic.otf"; sourceTree = "<group>"; };
		C15AABCB247FBD7200CCDD0A /* Metropolis-BlackItalic.otf */ = {isa = PBXFileReference; lastKnownFileType = file; path = "Metropolis-BlackItalic.otf"; sourceTree = "<group>"; };
		C15AABCC247FBD7200CCDD0A /* Metropolis-ExtraLightItalic.otf */ = {isa = PBXFileReference; lastKnownFileType = file; path = "Metropolis-ExtraLightItalic.otf"; sourceTree = "<group>"; };
		C15AABCD247FBD7200CCDD0A /* Metropolis-BoldItalic.otf */ = {isa = PBXFileReference; lastKnownFileType = file; path = "Metropolis-BoldItalic.otf"; sourceTree = "<group>"; };
		C15AABCE247FBD7200CCDD0A /* Metropolis-ThinItalic.otf */ = {isa = PBXFileReference; lastKnownFileType = file; path = "Metropolis-ThinItalic.otf"; sourceTree = "<group>"; };
		C15AABCF247FBD7300CCDD0A /* Metropolis-Medium.otf */ = {isa = PBXFileReference; lastKnownFileType = file; path = "Metropolis-Medium.otf"; sourceTree = "<group>"; };
		C15AABD0247FBD7300CCDD0A /* Metropolis-MediumItalic.otf */ = {isa = PBXFileReference; lastKnownFileType = file; path = "Metropolis-MediumItalic.otf"; sourceTree = "<group>"; };
		C15AABD1247FBD7300CCDD0A /* Metropolis-ExtraBoldItalic.otf */ = {isa = PBXFileReference; lastKnownFileType = file; path = "Metropolis-ExtraBoldItalic.otf"; sourceTree = "<group>"; };
		C15AABD2247FBD7300CCDD0A /* Metropolis-Thin.otf */ = {isa = PBXFileReference; lastKnownFileType = file; path = "Metropolis-Thin.otf"; sourceTree = "<group>"; };
		C15AEE3024658530004B0F09 /* Model.swift */ = {isa = PBXFileReference; lastKnownFileType = sourcecode.swift; path = Model.swift; sourceTree = "<group>"; };
		C15AEE3224659451004B0F09 /* ColorsTableViewCell.swift */ = {isa = PBXFileReference; lastKnownFileType = sourcecode.swift; path = ColorsTableViewCell.swift; sourceTree = "<group>"; };
		C1875CDD2465422700FD1EE7 /* test.swift */ = {isa = PBXFileReference; lastKnownFileType = sourcecode.swift; path = test.swift; sourceTree = "<group>"; };
		C1875CE32465845300FD1EE7 /* chair-green.usdz */ = {isa = PBXFileReference; lastKnownFileType = file.usdz; name = "chair-green.usdz"; path = "../../../AR/chair-green.usdz"; sourceTree = "<group>"; };
		C1875CE52465845B00FD1EE7 /* chair-red.usdz */ = {isa = PBXFileReference; lastKnownFileType = file.usdz; name = "chair-red.usdz"; path = "../../../AR/chair-red.usdz"; sourceTree = "<group>"; };
		C19BF65324544353003188CC /* LibraryViewController.swift */ = {isa = PBXFileReference; lastKnownFileType = sourcecode.swift; path = LibraryViewController.swift; sourceTree = "<group>"; };
		C19BF65B24549478003188CC /* Constants.swift */ = {isa = PBXFileReference; lastKnownFileType = sourcecode.swift; path = Constants.swift; sourceTree = "<group>"; };
		C19BF65D2454A227003188CC /* ModelCollectionViewCell.swift */ = {isa = PBXFileReference; lastKnownFileType = sourcecode.swift; path = ModelCollectionViewCell.swift; sourceTree = "<group>"; };
		C19BF65E2454A227003188CC /* ModelCollectionViewCell.xib */ = {isa = PBXFileReference; lastKnownFileType = file.xib; path = ModelCollectionViewCell.xib; sourceTree = "<group>"; };
		C19BF6612454AA55003188CC /* sofa.usdz */ = {isa = PBXFileReference; lastKnownFileType = file.usdz; path = sofa.usdz; sourceTree = "<group>"; };
		C1AAD7D12472A6AB007E08C5 /* l-sofa-grey.usdz */ = {isa = PBXFileReference; lastKnownFileType = file.usdz; path = "l-sofa-grey.usdz"; sourceTree = "<group>"; };
		C1AAD7D32472C4B4007E08C5 /* brantalik.usdz */ = {isa = PBXFileReference; lastKnownFileType = file.usdz; path = brantalik.usdz; sourceTree = "<group>"; };
		C1CA2FB52459626200AA0D8F /* chair-brown.usdz */ = {isa = PBXFileReference; lastKnownFileType = file.usdz; path = "chair-brown.usdz"; sourceTree = "<group>"; };
		C1CA2FB7245963E400AA0D8F /* desk.usdz */ = {isa = PBXFileReference; lastKnownFileType = file.usdz; name = desk.usdz; path = "../../../AR/stul-zidla/desk.usdz"; sourceTree = "<group>"; };
		C1CEB84624755AD1004483B1 /* ScreenRecord.swift */ = {isa = PBXFileReference; lastKnownFileType = sourcecode.swift; path = ScreenRecord.swift; sourceTree = "<group>"; };
		C1CEB8492475640F004483B1 /* HiddenStatusBarViewController.swift */ = {isa = PBXFileReference; lastKnownFileType = sourcecode.swift; path = HiddenStatusBarViewController.swift; sourceTree = "<group>"; };
		C1D35E222453838F00263643 /* HasSynchronization+Extensions.swift */ = {isa = PBXFileReference; fileEncoding = 4; lastKnownFileType = sourcecode.swift; path = "HasSynchronization+Extensions.swift"; sourceTree = "<group>"; };
		C1D35E232453838F00263643 /* MultipeerHelperDelegate.swift */ = {isa = PBXFileReference; fileEncoding = 4; lastKnownFileType = sourcecode.swift; path = MultipeerHelperDelegate.swift; sourceTree = "<group>"; };
		C1D35E242453838F00263643 /* MultipeerHelper.swift */ = {isa = PBXFileReference; fileEncoding = 4; lastKnownFileType = sourcecode.swift; path = MultipeerHelper.swift; sourceTree = "<group>"; };
		C1D381B9245855460026BC0F /* mini-desk.usdz */ = {isa = PBXFileReference; lastKnownFileType = file.usdz; path = "mini-desk.usdz"; sourceTree = "<group>"; };
		C1D381BA245855460026BC0F /* chair-backup.usdz */ = {isa = PBXFileReference; lastKnownFileType = file.usdz; path = "chair-backup.usdz"; sourceTree = "<group>"; };
		C1D381BC245855480026BC0F /* desk-backup.usdz */ = {isa = PBXFileReference; lastKnownFileType = file.usdz; path = "desk-backup.usdz"; sourceTree = "<group>"; };
		C1D381C1245855540026BC0F /* small-chair.usdz */ = {isa = PBXFileReference; lastKnownFileType = file.usdz; path = "small-chair.usdz"; sourceTree = "<group>"; };
		C1D381C52458555B0026BC0F /* bed.usdz */ = {isa = PBXFileReference; lastKnownFileType = file.usdz; path = bed.usdz; sourceTree = "<group>"; };
		C1D99D762471B8B5001FA511 /* ModelService.swift */ = {isa = PBXFileReference; lastKnownFileType = sourcecode.swift; path = ModelService.swift; sourceTree = "<group>"; };
		C1D99D782471B96D001FA511 /* CategoryService.swift */ = {isa = PBXFileReference; lastKnownFileType = sourcecode.swift; path = CategoryService.swift; sourceTree = "<group>"; };
		C1FD75FF246A9242006CA55D /* Category.swift */ = {isa = PBXFileReference; lastKnownFileType = sourcecode.swift; path = Category.swift; sourceTree = "<group>"; };
		C1FDD17724532D70007C6E3B /* Visiona-DEMO.app */ = {isa = PBXFileReference; explicitFileType = wrapper.application; includeInIndex = 0; path = "Visiona-DEMO.app"; sourceTree = BUILT_PRODUCTS_DIR; };
		C1FDD17A24532D70007C6E3B /* AppDelegate.swift */ = {isa = PBXFileReference; lastKnownFileType = sourcecode.swift; path = AppDelegate.swift; sourceTree = "<group>"; };
		C1FDD17C24532D70007C6E3B /* ViewController.swift */ = {isa = PBXFileReference; lastKnownFileType = sourcecode.swift; path = ViewController.swift; sourceTree = "<group>"; };
		C1FDD17E24532D70007C6E3B /* Experience.rcproject */ = {isa = PBXFileReference; lastKnownFileType = file.rcproject; path = Experience.rcproject; sourceTree = "<group>"; };
		C1FDD18124532D70007C6E3B /* Base */ = {isa = PBXFileReference; lastKnownFileType = file.storyboard; name = Base; path = Base.lproj/Main.storyboard; sourceTree = "<group>"; };
		C1FDD18324532D73007C6E3B /* Assets.xcassets */ = {isa = PBXFileReference; lastKnownFileType = folder.assetcatalog; path = Assets.xcassets; sourceTree = "<group>"; };
		C1FDD18624532D73007C6E3B /* Base */ = {isa = PBXFileReference; lastKnownFileType = file.storyboard; name = Base; path = Base.lproj/LaunchScreen.storyboard; sourceTree = "<group>"; };
		C1FDD18824532D73007C6E3B /* Info.plist */ = {isa = PBXFileReference; lastKnownFileType = text.plist.xml; path = Info.plist; sourceTree = "<group>"; };
		C1FDD19224533F4C007C6E3B /* Utilities */ = {isa = PBXFileReference; lastKnownFileType = folder; path = Utilities; sourceTree = "<group>"; };
		D8A160BF8ABDE97976CADBD9 /* Pods-DreamHouseVR-DEMO.release.xcconfig */ = {isa = PBXFileReference; includeInIndex = 1; lastKnownFileType = text.xcconfig; name = "Pods-DreamHouseVR-DEMO.release.xcconfig"; path = "Target Support Files/Pods-DreamHouseVR-DEMO/Pods-DreamHouseVR-DEMO.release.xcconfig"; sourceTree = "<group>"; };
		E6BBE459E22D137A84D89768 /* Pods_DreamHouseVR_DEMO.framework */ = {isa = PBXFileReference; explicitFileType = wrapper.framework; includeInIndex = 0; path = Pods_DreamHouseVR_DEMO.framework; sourceTree = BUILT_PRODUCTS_DIR; };
/* End PBXFileReference section */

/* Begin PBXFrameworksBuildPhase section */
		C1FDD17424532D70007C6E3B /* Frameworks */ = {
			isa = PBXFrameworksBuildPhase;
			buildActionMask = 2147483647;
			files = (
				C1D35E1024537A8000263643 /* FocusEntity in Frameworks */,
				7FCA3AD2A40D44F74C27FF03 /* Pods_DreamHouseVR_DEMO.framework in Frameworks */,
			);
			runOnlyForDeploymentPostprocessing = 0;
		};
/* End PBXFrameworksBuildPhase section */

/* Begin PBXGroup section */
		C15AABC0247FBD1400CCDD0A /* Fonts */ = {
			isa = PBXGroup;
			children = (
				C15AABC5247FBD7000CCDD0A /* Metropolis-Black.otf */,
				C15AABCB247FBD7200CCDD0A /* Metropolis-BlackItalic.otf */,
				C15AABC9247FBD7100CCDD0A /* Metropolis-Bold.otf */,
				C15AABCD247FBD7200CCDD0A /* Metropolis-BoldItalic.otf */,
				C15AABC3247FBD7000CCDD0A /* Metropolis-ExtraBold.otf */,
				C15AABD1247FBD7300CCDD0A /* Metropolis-ExtraBoldItalic.otf */,
				C15AABC1247FBD6F00CCDD0A /* Metropolis-ExtraLight.otf */,
				C15AABCC247FBD7200CCDD0A /* Metropolis-ExtraLightItalic.otf */,
				C15AABC2247FBD7000CCDD0A /* Metropolis-Light.otf */,
				C15AABC8247FBD7100CCDD0A /* Metropolis-LightItalic.otf */,
				C15AABCF247FBD7300CCDD0A /* Metropolis-Medium.otf */,
				C15AABD0247FBD7300CCDD0A /* Metropolis-MediumItalic.otf */,
				C15AABC7247FBD7100CCDD0A /* Metropolis-Regular.otf */,
				C15AABC4247FBD7000CCDD0A /* Metropolis-RegularItalic.otf */,
				C15AABC6247FBD7100CCDD0A /* Metropolis-SemiBold.otf */,
				C15AABCA247FBD7100CCDD0A /* Metropolis-SemiBoldItalic.otf */,
				C15AABD2247FBD7300CCDD0A /* Metropolis-Thin.otf */,
				C15AABCE247FBD7200CCDD0A /* Metropolis-ThinItalic.otf */,
			);
			path = Fonts;
			sourceTree = "<group>";
		};
		C19BF6572454495B003188CC /* Models */ = {
			isa = PBXGroup;
			children = (
				C1D99D752471B89D001FA511 /* Service */,
				C15AEE3024658530004B0F09 /* Model.swift */,
				C1FD75FF246A9242006CA55D /* Category.swift */,
			);
			path = Models;
			sourceTree = "<group>";
		};
		C19BF65A24549456003188CC /* Tools */ = {
			isa = PBXGroup;
			children = (
				C19BF65B24549478003188CC /* Constants.swift */,
			);
			path = Tools;
			sourceTree = "<group>";
		};
		C1CEB84424755A72004483B1 /* Extensions */ = {
			isa = PBXGroup;
			children = (
				C1CEB84524755AAB004483B1 /* ViewController */,
			);
			path = Extensions;
			sourceTree = "<group>";
		};
		C1CEB84524755AAB004483B1 /* ViewController */ = {
			isa = PBXGroup;
			children = (
				C1CEB84624755AD1004483B1 /* ScreenRecord.swift */,
			);
			path = ViewController;
			sourceTree = "<group>";
		};
		C1D35E212453837500263643 /* MultipeerHelper */ = {
			isa = PBXGroup;
			children = (
				C1D35E222453838F00263643 /* HasSynchronization+Extensions.swift */,
				C1D35E242453838F00263643 /* MultipeerHelper.swift */,
				C1D35E232453838F00263643 /* MultipeerHelperDelegate.swift */,
			);
			path = MultipeerHelper;
			sourceTree = "<group>";
		};
		C1D99D752471B89D001FA511 /* Service */ = {
			isa = PBXGroup;
			children = (
				C1D99D762471B8B5001FA511 /* ModelService.swift */,
				C1D99D782471B96D001FA511 /* CategoryService.swift */,
			);
			path = Service;
			sourceTree = "<group>";
		};
		C1FDD16E24532D70007C6E3B = {
			isa = PBXGroup;
			children = (
				C1FDD17924532D70007C6E3B /* DreamHouseVR-DEMO */,
				C1FDD17824532D70007C6E3B /* Products */,
				EBE4237976058D6064968A80 /* Pods */,
				F460B199A258008861437134 /* Frameworks */,
			);
			sourceTree = "<group>";
		};
		C1FDD17824532D70007C6E3B /* Products */ = {
			isa = PBXGroup;
			children = (
				C1FDD17724532D70007C6E3B /* Visiona-DEMO.app */,
			);
			name = Products;
			sourceTree = "<group>";
		};
		C1FDD17924532D70007C6E3B /* DreamHouseVR-DEMO */ = {
			isa = PBXGroup;
			children = (
				C19BF65A24549456003188CC /* Tools */,
				C19BF6572454495B003188CC /* Models */,
				C1FDD19024533E97007C6E3B /* View */,
				C1FDD18F24533E86007C6E3B /* Controller */,
				C1D35E212453837500263643 /* MultipeerHelper */,
				C1FDD17E24532D70007C6E3B /* Experience.rcproject */,
				C1FDD19124533EAA007C6E3B /* Resources */,
				C1FDD18324532D73007C6E3B /* Assets.xcassets */,
				C1FDD19224533F4C007C6E3B /* Utilities */,
				C1FDD18824532D73007C6E3B /* Info.plist */,
				C1875CDD2465422700FD1EE7 /* test.swift */,
				C1FDD17A24532D70007C6E3B /* AppDelegate.swift */,
			);
			path = "DreamHouseVR-DEMO";
			sourceTree = "<group>";
		};
		C1FDD18F24533E86007C6E3B /* Controller */ = {
			isa = PBXGroup;
			children = (
				C1CEB84424755A72004483B1 /* Extensions */,
				C1FDD17C24532D70007C6E3B /* ViewController.swift */,
				C19BF65324544353003188CC /* LibraryViewController.swift */,
				C1CEB8492475640F004483B1 /* HiddenStatusBarViewController.swift */,
			);
			path = Controller;
			sourceTree = "<group>";
		};
		C1FDD19024533E97007C6E3B /* View */ = {
			isa = PBXGroup;
			children = (
				C1FDD18524532D73007C6E3B /* LaunchScreen.storyboard */,
				C1FDD18024532D70007C6E3B /* Main.storyboard */,
				C19BF65D2454A227003188CC /* ModelCollectionViewCell.swift */,
				C19BF65E2454A227003188CC /* ModelCollectionViewCell.xib */,
				C15AEE3224659451004B0F09 /* ColorsTableViewCell.swift */,
			);
			path = View;
			sourceTree = "<group>";
		};
		C1FDD19124533EAA007C6E3B /* Resources */ = {
			isa = PBXGroup;
			children = (
				C15AABC0247FBD1400CCDD0A /* Fonts */,
				C11117832462BE7200F9A592 /* kancl-zidle-1.usdz */,
				C11117852462BEE000F9A592 /* kancl-zidle-2.usdz */,
				C1AAD7D12472A6AB007E08C5 /* l-sofa-grey.usdz */,
				C1AAD7D32472C4B4007E08C5 /* brantalik.usdz */,
				C11117812462BD5900F9A592 /* kancl-stul.usdz */,
				C1CA2FB7245963E400AA0D8F /* desk.usdz */,
				C153B8CD245AD393005733D0 /* office-chair.usdz */,
				C1CA2FB52459626200AA0D8F /* chair-brown.usdz */,
				C1875CE52465845B00FD1EE7 /* chair-red.usdz */,
				C1875CE32465845300FD1EE7 /* chair-green.usdz */,
				C1D381BA245855460026BC0F /* chair-backup.usdz */,
				C1D381B9245855460026BC0F /* mini-desk.usdz */,
				C1D381BC245855480026BC0F /* desk-backup.usdz */,
				C1D381C1245855540026BC0F /* small-chair.usdz */,
				C149F42B2457291A00E9345D /* door.usdz */,
				C1D381C52458555B0026BC0F /* bed.usdz */,
				C19BF6612454AA55003188CC /* sofa.usdz */,
			);
			path = Resources;
			sourceTree = "<group>";
		};
		EBE4237976058D6064968A80 /* Pods */ = {
			isa = PBXGroup;
			children = (
				BAE7B9B861ACA0EE31900862 /* Pods-DreamHouseVR-DEMO.debug.xcconfig */,
				D8A160BF8ABDE97976CADBD9 /* Pods-DreamHouseVR-DEMO.release.xcconfig */,
			);
			path = Pods;
			sourceTree = "<group>";
		};
		F460B199A258008861437134 /* Frameworks */ = {
			isa = PBXGroup;
			children = (
				E6BBE459E22D137A84D89768 /* Pods_DreamHouseVR_DEMO.framework */,
			);
			name = Frameworks;
			sourceTree = "<group>";
		};
/* End PBXGroup section */

/* Begin PBXNativeTarget section */
		C1FDD17624532D70007C6E3B /* DreamHouseVR-DEMO */ = {
			isa = PBXNativeTarget;
			buildConfigurationList = C1FDD18B24532D73007C6E3B /* Build configuration list for PBXNativeTarget "DreamHouseVR-DEMO" */;
			buildPhases = (
				F37D2221D466EE5E4023065A /* [CP] Check Pods Manifest.lock */,
				C1FDD17324532D70007C6E3B /* Sources */,
				C1FDD17424532D70007C6E3B /* Frameworks */,
				C1FDD17524532D70007C6E3B /* Resources */,
			);
			buildRules = (
			);
			dependencies = (
			);
			name = "DreamHouseVR-DEMO";
			packageProductDependencies = (
				C1D35E0F24537A8000263643 /* FocusEntity */,
			);
			productName = "DreamHouseVR-DEMO";
			productReference = C1FDD17724532D70007C6E3B /* Visiona-DEMO.app */;
			productType = "com.apple.product-type.application";
		};
/* End PBXNativeTarget section */

/* Begin PBXProject section */
		C1FDD16F24532D70007C6E3B /* Project object */ = {
			isa = PBXProject;
			attributes = {
				LastSwiftUpdateCheck = 1140;
				LastUpgradeCheck = 1140;
				ORGANIZATIONNAME = "Petr Brantalík";
				TargetAttributes = {
					C1FDD17624532D70007C6E3B = {
						CreatedOnToolsVersion = 11.4.1;
					};
				};
			};
			buildConfigurationList = C1FDD17224532D70007C6E3B /* Build configuration list for PBXProject "DreamHouseVR-DEMO" */;
			compatibilityVersion = "Xcode 9.3";
			developmentRegion = en;
			hasScannedForEncodings = 0;
			knownRegions = (
				en,
				Base,
			);
			mainGroup = C1FDD16E24532D70007C6E3B;
			packageReferences = (
				C1D35E0E24537A8000263643 /* XCRemoteSwiftPackageReference "FocusEntity" */,
			);
			productRefGroup = C1FDD17824532D70007C6E3B /* Products */;
			projectDirPath = "";
			projectRoot = "";
			targets = (
				C1FDD17624532D70007C6E3B /* DreamHouseVR-DEMO */,
			);
		};
/* End PBXProject section */

/* Begin PBXResourcesBuildPhase section */
		C1FDD17524532D70007C6E3B /* Resources */ = {
			isa = PBXResourcesBuildPhase;
			buildActionMask = 2147483647;
			files = (
				C15AABE4247FBD7300CCDD0A /* Metropolis-Thin.otf in Resources */,
				C15AABE0247FBD7300CCDD0A /* Metropolis-ThinItalic.otf in Resources */,
				C15AABDF247FBD7300CCDD0A /* Metropolis-BoldItalic.otf in Resources */,
				C11117842462BE7200F9A592 /* kancl-zidle-1.usdz in Resources */,
				C1FDD18724532D73007C6E3B /* LaunchScreen.storyboard in Resources */,
				C1D381C0245855480026BC0F /* desk-backup.usdz in Resources */,
				C11117862462BEE000F9A592 /* kancl-zidle-2.usdz in Resources */,
				C15AABD3247FBD7300CCDD0A /* Metropolis-ExtraLight.otf in Resources */,
				C1D381C3245855560026BC0F /* small-chair.usdz in Resources */,
				C15AABD4247FBD7300CCDD0A /* Metropolis-Light.otf in Resources */,
				C149F42C2457291A00E9345D /* door.usdz in Resources */,
				C15AABD9247FBD7300CCDD0A /* Metropolis-Regular.otf in Resources */,
				C153B8CE245AD393005733D0 /* office-chair.usdz in Resources */,
				C11117822462BD5900F9A592 /* kancl-stul.usdz in Resources */,
				C1CA2FB62459626200AA0D8F /* chair-brown.usdz in Resources */,
				C19BF6602454A227003188CC /* ModelCollectionViewCell.xib in Resources */,
				C1CA2FB8245963E400AA0D8F /* desk.usdz in Resources */,
				C1D381BD245855480026BC0F /* mini-desk.usdz in Resources */,
				C15AABDB247FBD7300CCDD0A /* Metropolis-Bold.otf in Resources */,
				C15AABD7247FBD7300CCDD0A /* Metropolis-Black.otf in Resources */,
				C15AABDE247FBD7300CCDD0A /* Metropolis-ExtraLightItalic.otf in Resources */,
				C15AABE1247FBD7300CCDD0A /* Metropolis-Medium.otf in Resources */,
				C15AABDA247FBD7300CCDD0A /* Metropolis-LightItalic.otf in Resources */,
				C19BF6622454AA55003188CC /* sofa.usdz in Resources */,
				C15AABDD247FBD7300CCDD0A /* Metropolis-BlackItalic.otf in Resources */,
				C15AABD8247FBD7300CCDD0A /* Metropolis-SemiBold.otf in Resources */,
				C15AABDC247FBD7300CCDD0A /* Metropolis-SemiBoldItalic.otf in Resources */,
				C1D381C62458555B0026BC0F /* bed.usdz in Resources */,
				C15AABD6247FBD7300CCDD0A /* Metropolis-RegularItalic.otf in Resources */,
				C15AABE3247FBD7300CCDD0A /* Metropolis-ExtraBoldItalic.otf in Resources */,
				C1FDD19324533F4C007C6E3B /* Utilities in Resources */,
				C15AABD5247FBD7300CCDD0A /* Metropolis-ExtraBold.otf in Resources */,
				C1AAD7D42472C4B4007E08C5 /* brantalik.usdz in Resources */,
				C1875CE62465845B00FD1EE7 /* chair-red.usdz in Resources */,
				C1FDD18424532D73007C6E3B /* Assets.xcassets in Resources */,
				C1FDD18224532D70007C6E3B /* Main.storyboard in Resources */,
				C1D381BE245855480026BC0F /* chair-backup.usdz in Resources */,
				C1AAD7D22472A6AB007E08C5 /* l-sofa-grey.usdz in Resources */,
				C15AABE2247FBD7300CCDD0A /* Metropolis-MediumItalic.otf in Resources */,
				C1875CE42465845300FD1EE7 /* chair-green.usdz in Resources */,
			);
			runOnlyForDeploymentPostprocessing = 0;
		};
/* End PBXResourcesBuildPhase section */

/* Begin PBXShellScriptBuildPhase section */
		F37D2221D466EE5E4023065A /* [CP] Check Pods Manifest.lock */ = {
			isa = PBXShellScriptBuildPhase;
			buildActionMask = 2147483647;
			files = (
			);
			inputFileListPaths = (
			);
			inputPaths = (
				"${PODS_PODFILE_DIR_PATH}/Podfile.lock",
				"${PODS_ROOT}/Manifest.lock",
			);
			name = "[CP] Check Pods Manifest.lock";
			outputFileListPaths = (
			);
			outputPaths = (
				"$(DERIVED_FILE_DIR)/Pods-DreamHouseVR-DEMO-checkManifestLockResult.txt",
			);
			runOnlyForDeploymentPostprocessing = 0;
			shellPath = /bin/sh;
			shellScript = "diff \"${PODS_PODFILE_DIR_PATH}/Podfile.lock\" \"${PODS_ROOT}/Manifest.lock\" > /dev/null\nif [ $? != 0 ] ; then\n    # print error to STDERR\n    echo \"error: The sandbox is not in sync with the Podfile.lock. Run 'pod install' or update your CocoaPods installation.\" >&2\n    exit 1\nfi\n# This output is used by Xcode 'outputs' to avoid re-running this script phase.\necho \"SUCCESS\" > \"${SCRIPT_OUTPUT_FILE_0}\"\n";
			showEnvVarsInLog = 0;
		};
/* End PBXShellScriptBuildPhase section */

/* Begin PBXSourcesBuildPhase section */
		C1FDD17324532D70007C6E3B /* Sources */ = {
			isa = PBXSourcesBuildPhase;
			buildActionMask = 2147483647;
			files = (
				C1FDD17D24532D70007C6E3B /* ViewController.swift in Sources */,
				C1D35E262453838F00263643 /* MultipeerHelperDelegate.swift in Sources */,
				C19BF65F2454A227003188CC /* ModelCollectionViewCell.swift in Sources */,
				C1FDD17B24532D70007C6E3B /* AppDelegate.swift in Sources */,
				C1D35E272453838F00263643 /* MultipeerHelper.swift in Sources */,
				C15AEE3324659451004B0F09 /* ColorsTableViewCell.swift in Sources */,
				C19BF65424544353003188CC /* LibraryViewController.swift in Sources */,
				C1D99D772471B8B5001FA511 /* ModelService.swift in Sources */,
				C1FDD17F24532D70007C6E3B /* Experience.rcproject in Sources */,
				C1D99D792471B96D001FA511 /* CategoryService.swift in Sources */,
				C1D35E252453838F00263643 /* HasSynchronization+Extensions.swift in Sources */,
				C1FD7600246A9242006CA55D /* Category.swift in Sources */,
				C1CEB84724755AD1004483B1 /* ScreenRecord.swift in Sources */,
				C15AEE3124658530004B0F09 /* Model.swift in Sources */,
				C1CEB84A2475640F004483B1 /* HiddenStatusBarViewController.swift in Sources */,
				C19BF65C24549478003188CC /* Constants.swift in Sources */,
				C1875CDE2465422700FD1EE7 /* test.swift in Sources */,
			);
			runOnlyForDeploymentPostprocessing = 0;
		};
/* End PBXSourcesBuildPhase section */

/* Begin PBXVariantGroup section */
		C1FDD18024532D70007C6E3B /* Main.storyboard */ = {
			isa = PBXVariantGroup;
			children = (
				C1FDD18124532D70007C6E3B /* Base */,
			);
			name = Main.storyboard;
			sourceTree = "<group>";
		};
		C1FDD18524532D73007C6E3B /* LaunchScreen.storyboard */ = {
			isa = PBXVariantGroup;
			children = (
				C1FDD18624532D73007C6E3B /* Base */,
			);
			name = LaunchScreen.storyboard;
			sourceTree = "<group>";
		};
/* End PBXVariantGroup section */

/* Begin XCBuildConfiguration section */
		C1FDD18924532D73007C6E3B /* Debug */ = {
			isa = XCBuildConfiguration;
			buildSettings = {
				ALWAYS_SEARCH_USER_PATHS = NO;
				CLANG_ANALYZER_NONNULL = YES;
				CLANG_ANALYZER_NUMBER_OBJECT_CONVERSION = YES_AGGRESSIVE;
				CLANG_CXX_LANGUAGE_STANDARD = "gnu++14";
				CLANG_CXX_LIBRARY = "libc++";
				CLANG_ENABLE_MODULES = YES;
				CLANG_ENABLE_OBJC_ARC = YES;
				CLANG_ENABLE_OBJC_WEAK = YES;
				CLANG_WARN_BLOCK_CAPTURE_AUTORELEASING = YES;
				CLANG_WARN_BOOL_CONVERSION = YES;
				CLANG_WARN_COMMA = YES;
				CLANG_WARN_CONSTANT_CONVERSION = YES;
				CLANG_WARN_DEPRECATED_OBJC_IMPLEMENTATIONS = YES;
				CLANG_WARN_DIRECT_OBJC_ISA_USAGE = YES_ERROR;
				CLANG_WARN_DOCUMENTATION_COMMENTS = YES;
				CLANG_WARN_EMPTY_BODY = YES;
				CLANG_WARN_ENUM_CONVERSION = YES;
				CLANG_WARN_INFINITE_RECURSION = YES;
				CLANG_WARN_INT_CONVERSION = YES;
				CLANG_WARN_NON_LITERAL_NULL_CONVERSION = YES;
				CLANG_WARN_OBJC_IMPLICIT_RETAIN_SELF = YES;
				CLANG_WARN_OBJC_LITERAL_CONVERSION = YES;
				CLANG_WARN_OBJC_ROOT_CLASS = YES_ERROR;
				CLANG_WARN_RANGE_LOOP_ANALYSIS = YES;
				CLANG_WARN_STRICT_PROTOTYPES = YES;
				CLANG_WARN_SUSPICIOUS_MOVE = YES;
				CLANG_WARN_UNGUARDED_AVAILABILITY = YES_AGGRESSIVE;
				CLANG_WARN_UNREACHABLE_CODE = YES;
				CLANG_WARN__DUPLICATE_METHOD_MATCH = YES;
				COPY_PHASE_STRIP = NO;
				DEBUG_INFORMATION_FORMAT = dwarf;
				ENABLE_STRICT_OBJC_MSGSEND = YES;
				ENABLE_TESTABILITY = YES;
				GCC_C_LANGUAGE_STANDARD = gnu11;
				GCC_DYNAMIC_NO_PIC = NO;
				GCC_NO_COMMON_BLOCKS = YES;
				GCC_OPTIMIZATION_LEVEL = 0;
				GCC_PREPROCESSOR_DEFINITIONS = (
					"DEBUG=1",
					"$(inherited)",
				);
				GCC_WARN_64_TO_32_BIT_CONVERSION = YES;
				GCC_WARN_ABOUT_RETURN_TYPE = YES_ERROR;
				GCC_WARN_UNDECLARED_SELECTOR = YES;
				GCC_WARN_UNINITIALIZED_AUTOS = YES_AGGRESSIVE;
				GCC_WARN_UNUSED_FUNCTION = YES;
				GCC_WARN_UNUSED_VARIABLE = YES;
				IPHONEOS_DEPLOYMENT_TARGET = 13.4;
				MTL_ENABLE_DEBUG_INFO = INCLUDE_SOURCE;
				MTL_FAST_MATH = YES;
				ONLY_ACTIVE_ARCH = YES;
				SDKROOT = iphoneos;
				SWIFT_ACTIVE_COMPILATION_CONDITIONS = DEBUG;
				SWIFT_OPTIMIZATION_LEVEL = "-Onone";
			};
			name = Debug;
		};
		C1FDD18A24532D73007C6E3B /* Release */ = {
			isa = XCBuildConfiguration;
			buildSettings = {
				ALWAYS_SEARCH_USER_PATHS = NO;
				CLANG_ANALYZER_NONNULL = YES;
				CLANG_ANALYZER_NUMBER_OBJECT_CONVERSION = YES_AGGRESSIVE;
				CLANG_CXX_LANGUAGE_STANDARD = "gnu++14";
				CLANG_CXX_LIBRARY = "libc++";
				CLANG_ENABLE_MODULES = YES;
				CLANG_ENABLE_OBJC_ARC = YES;
				CLANG_ENABLE_OBJC_WEAK = YES;
				CLANG_WARN_BLOCK_CAPTURE_AUTORELEASING = YES;
				CLANG_WARN_BOOL_CONVERSION = YES;
				CLANG_WARN_COMMA = YES;
				CLANG_WARN_CONSTANT_CONVERSION = YES;
				CLANG_WARN_DEPRECATED_OBJC_IMPLEMENTATIONS = YES;
				CLANG_WARN_DIRECT_OBJC_ISA_USAGE = YES_ERROR;
				CLANG_WARN_DOCUMENTATION_COMMENTS = YES;
				CLANG_WARN_EMPTY_BODY = YES;
				CLANG_WARN_ENUM_CONVERSION = YES;
				CLANG_WARN_INFINITE_RECURSION = YES;
				CLANG_WARN_INT_CONVERSION = YES;
				CLANG_WARN_NON_LITERAL_NULL_CONVERSION = YES;
				CLANG_WARN_OBJC_IMPLICIT_RETAIN_SELF = YES;
				CLANG_WARN_OBJC_LITERAL_CONVERSION = YES;
				CLANG_WARN_OBJC_ROOT_CLASS = YES_ERROR;
				CLANG_WARN_RANGE_LOOP_ANALYSIS = YES;
				CLANG_WARN_STRICT_PROTOTYPES = YES;
				CLANG_WARN_SUSPICIOUS_MOVE = YES;
				CLANG_WARN_UNGUARDED_AVAILABILITY = YES_AGGRESSIVE;
				CLANG_WARN_UNREACHABLE_CODE = YES;
				CLANG_WARN__DUPLICATE_METHOD_MATCH = YES;
				COPY_PHASE_STRIP = NO;
				DEBUG_INFORMATION_FORMAT = "dwarf-with-dsym";
				ENABLE_NS_ASSERTIONS = NO;
				ENABLE_STRICT_OBJC_MSGSEND = YES;
				GCC_C_LANGUAGE_STANDARD = gnu11;
				GCC_NO_COMMON_BLOCKS = YES;
				GCC_WARN_64_TO_32_BIT_CONVERSION = YES;
				GCC_WARN_ABOUT_RETURN_TYPE = YES_ERROR;
				GCC_WARN_UNDECLARED_SELECTOR = YES;
				GCC_WARN_UNINITIALIZED_AUTOS = YES_AGGRESSIVE;
				GCC_WARN_UNUSED_FUNCTION = YES;
				GCC_WARN_UNUSED_VARIABLE = YES;
				IPHONEOS_DEPLOYMENT_TARGET = 13.4;
				MTL_ENABLE_DEBUG_INFO = NO;
				MTL_FAST_MATH = YES;
				SDKROOT = iphoneos;
				SWIFT_COMPILATION_MODE = wholemodule;
				SWIFT_OPTIMIZATION_LEVEL = "-O";
				VALIDATE_PRODUCT = YES;
			};
			name = Release;
		};
		C1FDD18C24532D73007C6E3B /* Debug */ = {
			isa = XCBuildConfiguration;
			baseConfigurationReference = BAE7B9B861ACA0EE31900862 /* Pods-DreamHouseVR-DEMO.debug.xcconfig */;
			buildSettings = {
				ASSETCATALOG_COMPILER_APPICON_NAME = AppIcon;
				CODE_SIGN_STYLE = Automatic;
				DEVELOPMENT_TEAM = K625FZT636;
				INFOPLIST_FILE = "DreamHouseVR-DEMO/Info.plist";
				LD_RUNPATH_SEARCH_PATHS = (
					"$(inherited)",
					"@executable_path/Frameworks",
				);
				PRODUCT_BUNDLE_IDENTIFIER = "cz.dreamhouse.demo.DreamHouseVR-DEMO";
				PRODUCT_NAME = "Visiona-DEMO";
				SWIFT_VERSION = 5.0;
				TARGETED_DEVICE_FAMILY = "1,2";
			};
			name = Debug;
		};
		C1FDD18D24532D73007C6E3B /* Release */ = {
			isa = XCBuildConfiguration;
			baseConfigurationReference = D8A160BF8ABDE97976CADBD9 /* Pods-DreamHouseVR-DEMO.release.xcconfig */;
			buildSettings = {
				ASSETCATALOG_COMPILER_APPICON_NAME = AppIcon;
				CODE_SIGN_STYLE = Automatic;
				DEVELOPMENT_TEAM = K625FZT636;
				INFOPLIST_FILE = "DreamHouseVR-DEMO/Info.plist";
				LD_RUNPATH_SEARCH_PATHS = (
					"$(inherited)",
					"@executable_path/Frameworks",
				);
				PRODUCT_BUNDLE_IDENTIFIER = "cz.dreamhouse.demo.DreamHouseVR-DEMO";
				PRODUCT_NAME = "Visiona-DEMO";
				SWIFT_VERSION = 5.0;
				TARGETED_DEVICE_FAMILY = "1,2";
			};
			name = Release;
		};
/* End XCBuildConfiguration section */

/* Begin XCConfigurationList section */
		C1FDD17224532D70007C6E3B /* Build configuration list for PBXProject "DreamHouseVR-DEMO" */ = {
			isa = XCConfigurationList;
			buildConfigurations = (
				C1FDD18924532D73007C6E3B /* Debug */,
				C1FDD18A24532D73007C6E3B /* Release */,
			);
			defaultConfigurationIsVisible = 0;
			defaultConfigurationName = Release;
		};
		C1FDD18B24532D73007C6E3B /* Build configuration list for PBXNativeTarget "DreamHouseVR-DEMO" */ = {
			isa = XCConfigurationList;
			buildConfigurations = (
				C1FDD18C24532D73007C6E3B /* Debug */,
				C1FDD18D24532D73007C6E3B /* Release */,
			);
			defaultConfigurationIsVisible = 0;
			defaultConfigurationName = Release;
		};
/* End XCConfigurationList section */

/* Begin XCRemoteSwiftPackageReference section */
		C1D35E0E24537A8000263643 /* XCRemoteSwiftPackageReference "FocusEntity" */ = {
			isa = XCRemoteSwiftPackageReference;
			repositoryURL = "https://github.com/maxxfrazer/FocusEntity.git";
			requirement = {
				kind = upToNextMajorVersion;
				minimumVersion = 1.1.0;
			};
		};
/* End XCRemoteSwiftPackageReference section */

/* Begin XCSwiftPackageProductDependency section */
		C1D35E0F24537A8000263643 /* FocusEntity */ = {
			isa = XCSwiftPackageProductDependency;
			package = C1D35E0E24537A8000263643 /* XCRemoteSwiftPackageReference "FocusEntity" */;
			productName = FocusEntity;
		};
/* End XCSwiftPackageProductDependency section */
	};
	rootObject = C1FDD16F24532D70007C6E3B /* Project object */;
}
